
Microsoft Visual Studio Solution File, Format Version 12.00
# Visual Studio Version 17
VisualStudioVersion = 17.1.32210.238
MinimumVisualStudioVersion = 10.0.40219.1
Project("{FAE04EC0-301F-11D3-BF4B-00C04F79EFBC}") = "TCP", "TCP.csproj", "{4CE3C716-C575-45E1-81A2-32FE162327D6}"
EndProject
Global
	GlobalSection(SolutionConfigurationPlatforms) = preSolution
		Debug|Any CPU = Debug|Any CPU
		Release|Any CPU = Release|Any CPU
	EndGlobalSection
	GlobalSection(ProjectConfigurationPlatforms) = postSolution
		{4CE3C716-C575-45E1-81A2-32FE162327D6}.Debug|Any CPU.ActiveCfg = Debug|Any CPU
		{4CE3C716-C575-45E1-81A2-32FE162327D6}.Debug|Any CPU.Build.0 = Debug|Any CPU
		{4CE3C716-C575-45E1-81A2-32FE162327D6}.Release|Any CPU.ActiveCfg = Release|Any CPU
		{4CE3C716-C575-45E1-81A2-32FE162327D6}.Release|Any CPU.Build.0 = Release|Any CPU
	EndGlobalSection
	GlobalSection(SolutionProperties) = preSolution
		HideSolutionNode = FALSE
	EndGlobalSection
	GlobalSection(ExtensibilityGlobals) = postSolution
		SolutionGuid = {9FA244BF-2B69-4514-B3B8-3F7B8DC5E16F}
	EndGlobalSection
EndGlobal
